
Microsoft Visual Studio Solution File, Format Version 12.00
# Visual Studio Version 17
VisualStudioVersion = 17.3.32901.215
MinimumVisualStudioVersion = 10.0.40219.1
Project("{FAE04EC0-301F-11D3-BF4B-00C04F79EFBC}") = "Practice_ClassLibraries", "Practice_ClassLibraries\Practice_ClassLibraries.csproj", "{932673FA-564B-462F-A7C0-1DF91E3C5566}"
EndProject
Project("{FAE04EC0-301F-11D3-BF4B-00C04F79EFBC}") = "Practice_ClassLibrary", "Practice_ClassLibraries\Practice_ClassLibrary\Practice_ClassLibrary.csproj", "{A7604739-E350-42D8-BDFB-CB87CDF36880}"
EndProject
Global
	GlobalSection(SolutionConfigurationPlatforms) = preSolution
		Debug|Any CPU = Debug|Any CPU
		Release|Any CPU = Release|Any CPU
	EndGlobalSection
	GlobalSection(ProjectConfigurationPlatforms) = postSolution
		{932673FA-564B-462F-A7C0-1DF91E3C5566}.Debug|Any CPU.ActiveCfg = Debug|Any CPU
		{932673FA-564B-462F-A7C0-1DF91E3C5566}.Debug|Any CPU.Build.0 = Debug|Any CPU
		{932673FA-564B-462F-A7C0-1DF91E3C5566}.Release|Any CPU.ActiveCfg = Release|Any CPU
		{932673FA-564B-462F-A7C0-1DF91E3C5566}.Release|Any CPU.Build.0 = Release|Any CPU
		{A7604739-E350-42D8-BDFB-CB87CDF36880}.Debug|Any CPU.ActiveCfg = Debug|Any CPU
		{A7604739-E350-42D8-BDFB-CB87CDF36880}.Debug|Any CPU.Build.0 = Debug|Any CPU
		{A7604739-E350-42D8-BDFB-CB87CDF36880}.Release|Any CPU.ActiveCfg = Release|Any CPU
		{A7604739-E350-42D8-BDFB-CB87CDF36880}.Release|Any CPU.Build.0 = Release|Any CPU
	EndGlobalSection
	GlobalSection(SolutionProperties) = preSolution
		HideSolutionNode = FALSE
	EndGlobalSection
	GlobalSection(ExtensibilityGlobals) = postSolution
		SolutionGuid = {324B92E1-5E05-409F-9A53-3EAEB37464DE}
	EndGlobalSection
EndGlobal
